
Microsoft Visual Studio Solution File, Format Version 12.00
# Visual Studio 2013
VisualStudioVersion = 12.0.21005.1
MinimumVisualStudioVersion = 10.0.40219.1
Project("{FAE04EC0-301F-11D3-BF4B-00C04F79EFBC}") = "PostProject", "NameGenApp\PostProject.csproj", "{81D6B79F-E7E3-4860-A8C2-EB285262D5F7}"
	ProjectSection(ProjectDependencies) = postProject
		{B413CF88-E9CF-42E9-9162-EC1A3B0B5226} = {B413CF88-E9CF-42E9-9162-EC1A3B0B5226}
	EndProjectSection
EndProject
Project("{FAE04EC0-301F-11D3-BF4B-00C04F79EFBC}") = "PostProjectTests", "PostProjectTests\PostProjectTests.csproj", "{8CF0CF71-1A21-48C7-BA36-4649D53A14BA}"
EndProject
Project("{FAE04EC0-301F-11D3-BF4B-00C04F79EFBC}") = "PostProjectWebServices", "PostProjectWebServices\PostProjectWebServices.csproj", "{B413CF88-E9CF-42E9-9162-EC1A3B0B5226}"
EndProject
Project("{FAE04EC0-301F-11D3-BF4B-00C04F79EFBC}") = "PostProjectClient", "PostProjectClient\PostProjectClient.csproj", "{48D5EC7C-9C2B-4B8B-ABEB-027103D07898}"
	ProjectSection(ProjectDependencies) = postProject
		{B413CF88-E9CF-42E9-9162-EC1A3B0B5226} = {B413CF88-E9CF-42E9-9162-EC1A3B0B5226}
	EndProjectSection
EndProject
Project("{6141683F-8A12-4E36-9623-2EB02B2C2303}") = "ClientSetup", "ClientSetup\ClientSetup.isproj", "{A4529D1A-2C22-4D58-9D28-8F31D974E35D}"
	ProjectSection(ProjectDependencies) = postProject
		{48D5EC7C-9C2B-4B8B-ABEB-027103D07898} = {48D5EC7C-9C2B-4B8B-ABEB-027103D07898}
	EndProjectSection
EndProject
Project("{FAE04EC0-301F-11D3-BF4B-00C04F79EFBC}") = "WebServiceUnitTests", "WebServiceUnitTests\WebServiceUnitTests.csproj", "{925BB95C-7381-4F7E-9F73-CF3E25574446}"
EndProject
Project("{6141683F-8A12-4E36-9623-2EB02B2C2303}") = "WebServiceInstaller", "WebServiceInstaller\WebServiceInstaller.isproj", "{7F3815EA-652F-4FA2-8AA8-2943D45505BE}"
EndProject
Global
	GlobalSection(SolutionConfigurationPlatforms) = preSolution
		CD_ROM|Any CPU = CD_ROM|Any CPU
		Debug|Any CPU = Debug|Any CPU
		DVD-5|Any CPU = DVD-5|Any CPU
		Release|Any CPU = Release|Any CPU
		SingleImage|Any CPU = SingleImage|Any CPU
	EndGlobalSection
	GlobalSection(ProjectConfigurationPlatforms) = postSolution
		{81D6B79F-E7E3-4860-A8C2-EB285262D5F7}.CD_ROM|Any CPU.ActiveCfg = Release|Any CPU
		{81D6B79F-E7E3-4860-A8C2-EB285262D5F7}.CD_ROM|Any CPU.Build.0 = Release|Any CPU
		{81D6B79F-E7E3-4860-A8C2-EB285262D5F7}.Debug|Any CPU.ActiveCfg = Debug|Any CPU
		{81D6B79F-E7E3-4860-A8C2-EB285262D5F7}.Debug|Any CPU.Build.0 = Debug|Any CPU
		{81D6B79F-E7E3-4860-A8C2-EB285262D5F7}.DVD-5|Any CPU.ActiveCfg = Debug|Any CPU
		{81D6B79F-E7E3-4860-A8C2-EB285262D5F7}.DVD-5|Any CPU.Build.0 = Debug|Any CPU
		{81D6B79F-E7E3-4860-A8C2-EB285262D5F7}.Release|Any CPU.ActiveCfg = Release|Any CPU
		{81D6B79F-E7E3-4860-A8C2-EB285262D5F7}.Release|Any CPU.Build.0 = Release|Any CPU
		{81D6B79F-E7E3-4860-A8C2-EB285262D5F7}.SingleImage|Any CPU.ActiveCfg = Release|Any CPU
		{81D6B79F-E7E3-4860-A8C2-EB285262D5F7}.SingleImage|Any CPU.Build.0 = Release|Any CPU
		{8CF0CF71-1A21-48C7-BA36-4649D53A14BA}.CD_ROM|Any CPU.ActiveCfg = Release|Any CPU
		{8CF0CF71-1A21-48C7-BA36-4649D53A14BA}.CD_ROM|Any CPU.Build.0 = Release|Any CPU
		{8CF0CF71-1A21-48C7-BA36-4649D53A14BA}.Debug|Any CPU.ActiveCfg = Debug|Any CPU
		{8CF0CF71-1A21-48C7-BA36-4649D53A14BA}.Debug|Any CPU.Build.0 = Debug|Any CPU
		{8CF0CF71-1A21-48C7-BA36-4649D53A14BA}.DVD-5|Any CPU.ActiveCfg = Debug|Any CPU
		{8CF0CF71-1A21-48C7-BA36-4649D53A14BA}.DVD-5|Any CPU.Build.0 = Debug|Any CPU
		{8CF0CF71-1A21-48C7-BA36-4649D53A14BA}.Release|Any CPU.ActiveCfg = Release|Any CPU
		{8CF0CF71-1A21-48C7-BA36-4649D53A14BA}.Release|Any CPU.Build.0 = Release|Any CPU
		{8CF0CF71-1A21-48C7-BA36-4649D53A14BA}.SingleImage|Any CPU.ActiveCfg = Release|Any CPU
		{8CF0CF71-1A21-48C7-BA36-4649D53A14BA}.SingleImage|Any CPU.Build.0 = Release|Any CPU
		{B413CF88-E9CF-42E9-9162-EC1A3B0B5226}.CD_ROM|Any CPU.ActiveCfg = Release|Any CPU
		{B413CF88-E9CF-42E9-9162-EC1A3B0B5226}.CD_ROM|Any CPU.Build.0 = Release|Any CPU
		{B413CF88-E9CF-42E9-9162-EC1A3B0B5226}.Debug|Any CPU.ActiveCfg = Debug|Any CPU
		{B413CF88-E9CF-42E9-9162-EC1A3B0B5226}.Debug|Any CPU.Build.0 = Debug|Any CPU
		{B413CF88-E9CF-42E9-9162-EC1A3B0B5226}.DVD-5|Any CPU.ActiveCfg = Debug|Any CPU
		{B413CF88-E9CF-42E9-9162-EC1A3B0B5226}.DVD-5|Any CPU.Build.0 = Debug|Any CPU
		{B413CF88-E9CF-42E9-9162-EC1A3B0B5226}.Release|Any CPU.ActiveCfg = Release|Any CPU
		{B413CF88-E9CF-42E9-9162-EC1A3B0B5226}.Release|Any CPU.Build.0 = Release|Any CPU
		{B413CF88-E9CF-42E9-9162-EC1A3B0B5226}.SingleImage|Any CPU.ActiveCfg = Release|Any CPU
		{B413CF88-E9CF-42E9-9162-EC1A3B0B5226}.SingleImage|Any CPU.Build.0 = Release|Any CPU
		{48D5EC7C-9C2B-4B8B-ABEB-027103D07898}.CD_ROM|Any CPU.ActiveCfg = Release|Any CPU
		{48D5EC7C-9C2B-4B8B-ABEB-027103D07898}.CD_ROM|Any CPU.Build.0 = Release|Any CPU
		{48D5EC7C-9C2B-4B8B-ABEB-027103D07898}.Debug|Any CPU.ActiveCfg = Debug|Any CPU
		{48D5EC7C-9C2B-4B8B-ABEB-027103D07898}.Debug|Any CPU.Build.0 = Debug|Any CPU
		{48D5EC7C-9C2B-4B8B-ABEB-027103D07898}.DVD-5|Any CPU.ActiveCfg = Debug|Any CPU
		{48D5EC7C-9C2B-4B8B-ABEB-027103D07898}.DVD-5|Any CPU.Build.0 = Debug|Any CPU
		{48D5EC7C-9C2B-4B8B-ABEB-027103D07898}.Release|Any CPU.ActiveCfg = Release|Any CPU
		{48D5EC7C-9C2B-4B8B-ABEB-027103D07898}.Release|Any CPU.Build.0 = Release|Any CPU
		{48D5EC7C-9C2B-4B8B-ABEB-027103D07898}.SingleImage|Any CPU.ActiveCfg = Release|Any CPU
		{48D5EC7C-9C2B-4B8B-ABEB-027103D07898}.SingleImage|Any CPU.Build.0 = Release|Any CPU
		{A4529D1A-2C22-4D58-9D28-8F31D974E35D}.CD_ROM|Any CPU.ActiveCfg = CD_ROM
		{A4529D1A-2C22-4D58-9D28-8F31D974E35D}.CD_ROM|Any CPU.Build.0 = CD_ROM
		{A4529D1A-2C22-4D58-9D28-8F31D974E35D}.Debug|Any CPU.ActiveCfg = DVD-5
		{A4529D1A-2C22-4D58-9D28-8F31D974E35D}.Debug|Any CPU.Build.0 = DVD-5
		{A4529D1A-2C22-4D58-9D28-8F31D974E35D}.DVD-5|Any CPU.ActiveCfg = DVD-5
		{A4529D1A-2C22-4D58-9D28-8F31D974E35D}.DVD-5|Any CPU.Build.0 = DVD-5
		{A4529D1A-2C22-4D58-9D28-8F31D974E35D}.Release|Any CPU.ActiveCfg = SingleImage
		{A4529D1A-2C22-4D58-9D28-8F31D974E35D}.Release|Any CPU.Build.0 = SingleImage
		{A4529D1A-2C22-4D58-9D28-8F31D974E35D}.SingleImage|Any CPU.ActiveCfg = SingleImage
		{A4529D1A-2C22-4D58-9D28-8F31D974E35D}.SingleImage|Any CPU.Build.0 = SingleImage
		{925BB95C-7381-4F7E-9F73-CF3E25574446}.CD_ROM|Any CPU.ActiveCfg = Release|Any CPU
		{925BB95C-7381-4F7E-9F73-CF3E25574446}.CD_ROM|Any CPU.Build.0 = Release|Any CPU
		{925BB95C-7381-4F7E-9F73-CF3E25574446}.Debug|Any CPU.ActiveCfg = Debug|Any CPU
		{925BB95C-7381-4F7E-9F73-CF3E25574446}.Debug|Any CPU.Build.0 = Debug|Any CPU
		{925BB95C-7381-4F7E-9F73-CF3E25574446}.DVD-5|Any CPU.ActiveCfg = Debug|Any CPU
		{925BB95C-7381-4F7E-9F73-CF3E25574446}.DVD-5|Any CPU.Build.0 = Debug|Any CPU
		{925BB95C-7381-4F7E-9F73-CF3E25574446}.Release|Any CPU.ActiveCfg = Release|Any CPU
		{925BB95C-7381-4F7E-9F73-CF3E25574446}.Release|Any CPU.Build.0 = Release|Any CPU
		{925BB95C-7381-4F7E-9F73-CF3E25574446}.SingleImage|Any CPU.ActiveCfg = Release|Any CPU
		{925BB95C-7381-4F7E-9F73-CF3E25574446}.SingleImage|Any CPU.Build.0 = Release|Any CPU
		{7F3815EA-652F-4FA2-8AA8-2943D45505BE}.CD_ROM|Any CPU.ActiveCfg = CD_ROM
		{7F3815EA-652F-4FA2-8AA8-2943D45505BE}.CD_ROM|Any CPU.Build.0 = CD_ROM
		{7F3815EA-652F-4FA2-8AA8-2943D45505BE}.Debug|Any CPU.ActiveCfg = DVD-5
		{7F3815EA-652F-4FA2-8AA8-2943D45505BE}.Debug|Any CPU.Build.0 = DVD-5
		{7F3815EA-652F-4FA2-8AA8-2943D45505BE}.DVD-5|Any CPU.ActiveCfg = DVD-5
		{7F3815EA-652F-4FA2-8AA8-2943D45505BE}.DVD-5|Any CPU.Build.0 = DVD-5
		{7F3815EA-652F-4FA2-8AA8-2943D45505BE}.Release|Any CPU.ActiveCfg = SingleImage
		{7F3815EA-652F-4FA2-8AA8-2943D45505BE}.Release|Any CPU.Build.0 = SingleImage
		{7F3815EA-652F-4FA2-8AA8-2943D45505BE}.SingleImage|Any CPU.ActiveCfg = SingleImage
		{7F3815EA-652F-4FA2-8AA8-2943D45505BE}.SingleImage|Any CPU.Build.0 = SingleImage
	EndGlobalSection
	GlobalSection(SolutionProperties) = preSolution
		HideSolutionNode = FALSE
	EndGlobalSection
EndGlobal
